PODS:
  - AFNetworking (3.2.1):
    - AFNetworking/NSURLSession (= 3.2.1)
    - AFNetworking/Reachability (= 3.2.1)
    - AFNetworking/Security (= 3.2.1)
    - AFNetworking/Serialization (= 3.2.1)
    - AFNetworking/UIKit (= 3.2.1)
  - AFNetworking/NSURLSession (3.2.1):
    - AFNetworking/Reachability
    - AFNetworking/Security
    - AFNetworking/Serialization
  - AFNetworking/Reachability (3.2.1)
  - AFNetworking/Security (3.2.1)
  - AFNetworking/Serialization (3.2.1)
  - AFNetworking/UIKit (3.2.1):
    - AFNetworking/NSURLSession
  - Hashids (0.3.2)

DEPENDENCIES:
  - AFNetworking (~> 3.0)
  - Hashids

SPEC REPOS:
  trunk:
    - AFNetworking
    - Hashids

SPEC CHECKSUMS:
  AFNetworking: b6f891fdfaed196b46c7a83cf209e09697b94057
  Hashids: 360cd4b45b34f37b73e7f7f6eafeb41be3ceeb98

PODFILE CHECKSUM: ec8e3de2f69145417bbae645522646e00db3b48b

COCOAPODS: 1.8.4
