// !$*UTF8*$!
{
	archiveVersion = 1;
	classes = {
	};
	objectVersion = 50;
	objects = {

/* Begin PBXBuildFile section */
		040940052243932400760381 /* HeaderCollectionReusableView.m in Sources */ = {isa = PBXBuildFile; fileRef = 040940042243932400760381 /* HeaderCollectionReusableView.m */; };
		0409400B2244D55900760381 /* AVCompositionViewController.m in Sources */ = {isa = PBXBuildFile; fileRef = 0409400A2244D55900760381 /* AVCompositionViewController.m */; };
		04217D722233E9F7006202A4 /* MyHomeViewController.m in Sources */ = {isa = PBXBuildFile; fileRef = 04217D712233E9F7006202A4 /* MyHomeViewController.m */; };
		04217D792234C50F006202A4 /* VideoViewController.m in Sources */ = {isa = PBXBuildFile; fileRef = 04217D782234C50F006202A4 /* VideoViewController.m */; };
		046D0DAB223619CD00FF7D44 /* MediaHomeViewController.m in Sources */ = {isa = PBXBuildFile; fileRef = 046D0DAA223619CD00FF7D44 /* MediaHomeViewController.m */; };
		046D0DAE2236452200FF7D44 /* PhotosViewController.m in Sources */ = {isa = PBXBuildFile; fileRef = 046D0DAD2236452200FF7D44 /* PhotosViewController.m */; };
		046D0DB2223670C600FF7D44 /* CollectionTableViewCell.m in Sources */ = {isa = PBXBuildFile; fileRef = 046D0DB1223670C600FF7D44 /* CollectionTableViewCell.m */; };
		046D0DB52237439B00FF7D44 /* AssetCollection.m in Sources */ = {isa = PBXBuildFile; fileRef = 046D0DB42237439B00FF7D44 /* AssetCollection.m */; };
		046D0DB82237560F00FF7D44 /* AlertViewController.m in Sources */ = {isa = PBXBuildFile; fileRef = 046D0DB72237560F00FF7D44 /* AlertViewController.m */; };
		046D0DBC2237854900FF7D44 /* PhotosAssetViewController.m in Sources */ = {isa = PBXBuildFile; fileRef = 046D0DBB2237854900FF7D44 /* PhotosAssetViewController.m */; };
		046D0DBF2237BE2A00FF7D44 /* AssetCollectionViewCell.m in Sources */ = {isa = PBXBuildFile; fileRef = 046D0DBE2237BE2A00FF7D44 /* AssetCollectionViewCell.m */; };
		046D0DC22237BFAC00FF7D44 /* AssetCollectionView.m in Sources */ = {isa = PBXBuildFile; fileRef = 046D0DC12237BFAC00FF7D44 /* AssetCollectionView.m */; };
		046D0DC822389F6D00FF7D44 /* Asset.m in Sources */ = {isa = PBXBuildFile; fileRef = 046D0DC722389F6D00FF7D44 /* Asset.m */; };
		046D0DCC22390E5500FF7D44 /* PhotosFrameworksUtility.m in Sources */ = {isa = PBXBuildFile; fileRef = 046D0DCB22390E5500FF7D44 /* PhotosFrameworksUtility.m */; };
		046D0DD0223A626F00FF7D44 /* LivePhotoViewController.m in Sources */ = {isa = PBXBuildFile; fileRef = 046D0DCF223A626F00FF7D44 /* LivePhotoViewController.m */; };
		046D0DD3223B39C100FF7D44 /* Utility.m in Sources */ = {isa = PBXBuildFile; fileRef = 046D0DD2223B39C100FF7D44 /* Utility.m */; };
		046D0DDA223B88B000FF7D44 /* AVPlayerViewController.m in Sources */ = {isa = PBXBuildFile; fileRef = 046D0DD9223B88B000FF7D44 /* AVPlayerViewController.m */; };
		046E1C0C228A9C5F000839EF /* PrefetchCollectionView.m in Sources */ = {isa = PBXBuildFile; fileRef = 046E1C0B228A9C5F000839EF /* PrefetchCollectionView.m */; };
		046E1C0F228A9DE0000839EF /* PreFetchViewController.m in Sources */ = {isa = PBXBuildFile; fileRef = 046E1C0E228A9DE0000839EF /* PreFetchViewController.m */; };
		04810DBA2293C9B800C64CC1 /* VideoPlayerViewController.m in Sources */ = {isa = PBXBuildFile; fileRef = 04810DB92293C9B800C64CC1 /* VideoPlayerViewController.m */; };
		04B8A900224089B20004789E /* VideoCollectionView.m in Sources */ = {isa = PBXBuildFile; fileRef = 04B8A8FF224089B20004789E /* VideoCollectionView.m */; };
		04B8A903224089CC0004789E /* VideoCollectionViewCell.m in Sources */ = {isa = PBXBuildFile; fileRef = 04B8A902224089CC0004789E /* VideoCollectionViewCell.m */; };
		04B8A90722408F7E0004789E /* Video.m in Sources */ = {isa = PBXBuildFile; fileRef = 04B8A90622408F7E0004789E /* Video.m */; };
		04B8A90C224219470004789E /* AVEditorViewController.m in Sources */ = {isa = PBXBuildFile; fileRef = 04B8A90B224219470004789E /* AVEditorViewController.m */; };
		04B8A90F22423B030004789E /* FrameCollectionViewCell.m in Sources */ = {isa = PBXBuildFile; fileRef = 04B8A90E22423B030004789E /* FrameCollectionViewCell.m */; };
		04B8A91222423B220004789E /* FrameCollectionView.m in Sources */ = {isa = PBXBuildFile; fileRef = 04B8A91122423B220004789E /* FrameCollectionView.m */; };
		04B8A91522423B910004789E /* Frame.m in Sources */ = {isa = PBXBuildFile; fileRef = 04B8A91422423B910004789E /* Frame.m */; };
		27167FF3222780B9000CBD47 /* HomeViewController.m in Sources */ = {isa = PBXBuildFile; fileRef = 27167FF2222780B9000CBD47 /* HomeViewController.m */; };
		2723BEE8222933E200CC552B /* GcdDemoViewController.m in Sources */ = {isa = PBXBuildFile; fileRef = 2723BEE7222933E200CC552B /* GcdDemoViewController.m */; };
		27D0BD3D2216B99B00C7AD30 /* AppDelegate.m in Sources */ = {isa = PBXBuildFile; fileRef = 27D0BD3C2216B99B00C7AD30 /* AppDelegate.m */; };
		27D0BD402216B99B00C7AD30 /* ViewController.m in Sources */ = {isa = PBXBuildFile; fileRef = 27D0BD3F2216B99B00C7AD30 /* ViewController.m */; };
		27D0BD452216B99E00C7AD30 /* Assets.xcassets in Resources */ = {isa = PBXBuildFile; fileRef = 27D0BD442216B99E00C7AD30 /* Assets.xcassets */; };
		27D0BD482216B99E00C7AD30 /* LaunchScreen.storyboard in Resources */ = {isa = PBXBuildFile; fileRef = 27D0BD462216B99E00C7AD30 /* LaunchScreen.storyboard */; };
		27D0BD4B2216B99E00C7AD30 /* main.m in Sources */ = {isa = PBXBuildFile; fileRef = 27D0BD4A2216B99E00C7AD30 /* main.m */; };
		27D0BD56221A573000C7AD30 /* Person.m in Sources */ = {isa = PBXBuildFile; fileRef = 27D0BD55221A573000C7AD30 /* Person.m */; };
		27EE5C78221FBF2900BB1BAA /* GestureTableViewController.m in Sources */ = {isa = PBXBuildFile; fileRef = 27EE5C77221FBF2900BB1BAA /* GestureTableViewController.m */; };
		27EFD34F221BB1AD00D140AE /* SimpleTableViewController.m in Sources */ = {isa = PBXBuildFile; fileRef = 27EFD34E221BB1AD00D140AE /* SimpleTableViewController.m */; };
		27EFD352221BCC2100D140AE /* SimpleTableViewCell.m in Sources */ = {isa = PBXBuildFile; fileRef = 27EFD351221BCC2100D140AE /* SimpleTableViewCell.m */; };
		27F116BD221FCAD1003D27F6 /* LongPressGestureVC.m in Sources */ = {isa = PBXBuildFile; fileRef = 27F116BC221FCAD1003D27F6 /* LongPressGestureVC.m */; };
		27F36FE922263D86009AEACD /* CollectionViewController.m in Sources */ = {isa = PBXBuildFile; fileRef = 27F36FE822263D86009AEACD /* CollectionViewController.m */; };
		27F36FEC22264198009AEACD /* SimpleCollectionViewCell.m in Sources */ = {isa = PBXBuildFile; fileRef = 27F36FEB22264198009AEACD /* SimpleCollectionViewCell.m */; };
		27F36FF1222652C6009AEACD /* SimpleCollectionView.m in Sources */ = {isa = PBXBuildFile; fileRef = 27F36FF0222652C6009AEACD /* SimpleCollectionView.m */; };
		27F6190822252F340026BE03 /* SimpleTabBarController.m in Sources */ = {isa = PBXBuildFile; fileRef = 27F6190722252F340026BE03 /* SimpleTabBarController.m */; };
		27FE7B92222F630D002069FB /* ProcessViewController.m in Sources */ = {isa = PBXBuildFile; fileRef = 27FE7B91222F630D002069FB /* ProcessViewController.m */; };
		27FE7B95222F698D002069FB /* LineProcessView.m in Sources */ = {isa = PBXBuildFile; fileRef = 27FE7B94222F698D002069FB /* LineProcessView.m */; };
		8F81B7E5E2C1CD0D75BFE5F9 /* libPods-iosCodeUI.a in Frameworks */ = {isa = PBXBuildFile; fileRef = 74852E46782936B77ED159B2 /* libPods-iosCodeUI.a */; };
/* End PBXBuildFile section */

/* Begin PBXFileReference section */
		040940032243932400760381 /* HeaderCollectionReusableView.h */ = {isa = PBXFileReference; lastKnownFileType = sourcecode.c.h; path = HeaderCollectionReusableView.h; sourceTree = "<group>"; };
		040940042243932400760381 /* HeaderCollectionReusableView.m */ = {isa = PBXFileReference; lastKnownFileType = sourcecode.c.objc; path = HeaderCollectionReusableView.m; sourceTree = "<group>"; };
		040940092244D55900760381 /* AVCompositionViewController.h */ = {isa = PBXFileReference; lastKnownFileType = sourcecode.c.h; path = AVCompositionViewController.h; sourceTree = "<group>"; };
		0409400A2244D55900760381 /* AVCompositionViewController.m */ = {isa = PBXFileReference; lastKnownFileType = sourcecode.c.objc; path = AVCompositionViewController.m; sourceTree = "<group>"; };
		04217D702233E9F7006202A4 /* MyHomeViewController.h */ = {isa = PBXFileReference; lastKnownFileType = sourcecode.c.h; path = MyHomeViewController.h; sourceTree = "<group>"; };
		04217D712233E9F7006202A4 /* MyHomeViewController.m */ = {isa = PBXFileReference; lastKnownFileType = sourcecode.c.objc; path = MyHomeViewController.m; sourceTree = "<group>"; };
		04217D772234C50F006202A4 /* VideoViewController.h */ = {isa = PBXFileReference; lastKnownFileType = sourcecode.c.h; path = VideoViewController.h; sourceTree = "<group>"; };
		04217D782234C50F006202A4 /* VideoViewController.m */ = {isa = PBXFileReference; lastKnownFileType = sourcecode.c.objc; path = VideoViewController.m; sourceTree = "<group>"; };
		046D0DA9223619CD00FF7D44 /* MediaHomeViewController.h */ = {isa = PBXFileReference; lastKnownFileType = sourcecode.c.h; path = MediaHomeViewController.h; sourceTree = "<group>"; };
		046D0DAA223619CD00FF7D44 /* MediaHomeViewController.m */ = {isa = PBXFileReference; lastKnownFileType = sourcecode.c.objc; path = MediaHomeViewController.m; sourceTree = "<group>"; };
		046D0DAC2236452200FF7D44 /* PhotosViewController.h */ = {isa = PBXFileReference; lastKnownFileType = sourcecode.c.h; path = PhotosViewController.h; sourceTree = "<group>"; };
		046D0DAD2236452200FF7D44 /* PhotosViewController.m */ = {isa = PBXFileReference; lastKnownFileType = sourcecode.c.objc; path = PhotosViewController.m; sourceTree = "<group>"; };
		046D0DB0223670C600FF7D44 /* CollectionTableViewCell.h */ = {isa = PBXFileReference; lastKnownFileType = sourcecode.c.h; path = CollectionTableViewCell.h; sourceTree = "<group>"; };
		046D0DB1223670C600FF7D44 /* CollectionTableViewCell.m */ = {isa = PBXFileReference; lastKnownFileType = sourcecode.c.objc; path = CollectionTableViewCell.m; sourceTree = "<group>"; };
		046D0DB32237439B00FF7D44 /* AssetCollection.h */ = {isa = PBXFileReference; lastKnownFileType = sourcecode.c.h; path = AssetCollection.h; sourceTree = "<group>"; };
		046D0DB42237439B00FF7D44 /* AssetCollection.m */ = {isa = PBXFileReference; lastKnownFileType = sourcecode.c.objc; path = AssetCollection.m; sourceTree = "<group>"; };
		046D0DB62237560F00FF7D44 /* AlertViewController.h */ = {isa = PBXFileReference; lastKnownFileType = sourcecode.c.h; path = AlertViewController.h; sourceTree = "<group>"; };
		046D0DB72237560F00FF7D44 /* AlertViewController.m */ = {isa = PBXFileReference; lastKnownFileType = sourcecode.c.objc; path = AlertViewController.m; sourceTree = "<group>"; };
		046D0DBA2237854900FF7D44 /* PhotosAssetViewController.h */ = {isa = PBXFileReference; lastKnownFileType = sourcecode.c.h; path = PhotosAssetViewController.h; sourceTree = "<group>"; };
		046D0DBB2237854900FF7D44 /* PhotosAssetViewController.m */ = {isa = PBXFileReference; lastKnownFileType = sourcecode.c.objc; path = PhotosAssetViewController.m; sourceTree = "<group>"; };
		046D0DBD2237BE2A00FF7D44 /* AssetCollectionViewCell.h */ = {isa = PBXFileReference; lastKnownFileType = sourcecode.c.h; path = AssetCollectionViewCell.h; sourceTree = "<group>"; };
		046D0DBE2237BE2A00FF7D44 /* AssetCollectionViewCell.m */ = {isa = PBXFileReference; lastKnownFileType = sourcecode.c.objc; path = AssetCollectionViewCell.m; sourceTree = "<group>"; };
		046D0DC02237BFAC00FF7D44 /* AssetCollectionView.h */ = {isa = PBXFileReference; lastKnownFileType = sourcecode.c.h; path = AssetCollectionView.h; sourceTree = "<group>"; };
		046D0DC12237BFAC00FF7D44 /* AssetCollectionView.m */ = {isa = PBXFileReference; lastKnownFileType = sourcecode.c.objc; path = AssetCollectionView.m; sourceTree = "<group>"; };
		046D0DC622389F6D00FF7D44 /* Asset.h */ = {isa = PBXFileReference; lastKnownFileType = sourcecode.c.h; path = Asset.h; sourceTree = "<group>"; };
		046D0DC722389F6D00FF7D44 /* Asset.m */ = {isa = PBXFileReference; lastKnownFileType = sourcecode.c.objc; path = Asset.m; sourceTree = "<group>"; };
		046D0DCA22390E5500FF7D44 /* PhotosFrameworksUtility.h */ = {isa = PBXFileReference; lastKnownFileType = sourcecode.c.h; path = PhotosFrameworksUtility.h; sourceTree = "<group>"; };
		046D0DCB22390E5500FF7D44 /* PhotosFrameworksUtility.m */ = {isa = PBXFileReference; lastKnownFileType = sourcecode.c.objc; path = PhotosFrameworksUtility.m; sourceTree = "<group>"; };
		046D0DCE223A626F00FF7D44 /* LivePhotoViewController.h */ = {isa = PBXFileReference; lastKnownFileType = sourcecode.c.h; path = LivePhotoViewController.h; sourceTree = "<group>"; };
		046D0DCF223A626F00FF7D44 /* LivePhotoViewController.m */ = {isa = PBXFileReference; lastKnownFileType = sourcecode.c.objc; path = LivePhotoViewController.m; sourceTree = "<group>"; };
		046D0DD1223B39C100FF7D44 /* Utility.h */ = {isa = PBXFileReference; lastKnownFileType = sourcecode.c.h; path = Utility.h; sourceTree = "<group>"; };
		046D0DD2223B39C100FF7D44 /* Utility.m */ = {isa = PBXFileReference; lastKnownFileType = sourcecode.c.objc; path = Utility.m; sourceTree = "<group>"; };
		046D0DD8223B88B000FF7D44 /* AVPlayerViewController.h */ = {isa = PBXFileReference; lastKnownFileType = sourcecode.c.h; path = AVPlayerViewController.h; sourceTree = "<group>"; };
		046D0DD9223B88B000FF7D44 /* AVPlayerViewController.m */ = {isa = PBXFileReference; lastKnownFileType = sourcecode.c.objc; path = AVPlayerViewController.m; sourceTree = "<group>"; };
		046E1C0A228A9C5F000839EF /* PrefetchCollectionView.h */ = {isa = PBXFileReference; lastKnownFileType = sourcecode.c.h; path = PrefetchCollectionView.h; sourceTree = "<group>"; };
		046E1C0B228A9C5F000839EF /* PrefetchCollectionView.m */ = {isa = PBXFileReference; lastKnownFileType = sourcecode.c.objc; path = PrefetchCollectionView.m; sourceTree = "<group>"; };
		046E1C0D228A9DE0000839EF /* PreFetchViewController.h */ = {isa = PBXFileReference; lastKnownFileType = sourcecode.c.h; path = PreFetchViewController.h; sourceTree = "<group>"; };
		046E1C0E228A9DE0000839EF /* PreFetchViewController.m */ = {isa = PBXFileReference; lastKnownFileType = sourcecode.c.objc; path = PreFetchViewController.m; sourceTree = "<group>"; };
		04810DB82293C99900C64CC1 /* VideoPlayerViewController.h */ = {isa = PBXFileReference; lastKnownFileType = sourcecode.c.h; path = VideoPlayerViewController.h; sourceTree = "<group>"; };
		04810DB92293C9B800C64CC1 /* VideoPlayerViewController.m */ = {isa = PBXFileReference; fileEncoding = 4; lastKnownFileType = sourcecode.c.objc; path = VideoPlayerViewController.m; sourceTree = "<group>"; };
		04B8A8FE224089B20004789E /* VideoCollectionView.h */ = {isa = PBXFileReference; lastKnownFileType = sourcecode.c.h; path = VideoCollectionView.h; sourceTree = "<group>"; };
		04B8A8FF224089B20004789E /* VideoCollectionView.m */ = {isa = PBXFileReference; lastKnownFileType = sourcecode.c.objc; path = VideoCollectionView.m; sourceTree = "<group>"; };
		04B8A901224089CC0004789E /* VideoCollectionViewCell.h */ = {isa = PBXFileReference; lastKnownFileType = sourcecode.c.h; path = VideoCollectionViewCell.h; sourceTree = "<group>"; };
		04B8A902224089CC0004789E /* VideoCollectionViewCell.m */ = {isa = PBXFileReference; lastKnownFileType = sourcecode.c.objc; path = VideoCollectionViewCell.m; sourceTree = "<group>"; };
		04B8A90522408F7E0004789E /* Video.h */ = {isa = PBXFileReference; lastKnownFileType = sourcecode.c.h; path = Video.h; sourceTree = "<group>"; };
		04B8A90622408F7E0004789E /* Video.m */ = {isa = PBXFileReference; lastKnownFileType = sourcecode.c.objc; path = Video.m; sourceTree = "<group>"; };
		04B8A9092240C1D50004789E /* AVPlayerDelegate.h */ = {isa = PBXFileReference; lastKnownFileType = sourcecode.c.h; path = AVPlayerDelegate.h; sourceTree = "<group>"; };
		04B8A90A224219470004789E /* AVEditorViewController.h */ = {isa = PBXFileReference; lastKnownFileType = sourcecode.c.h; path = AVEditorViewController.h; sourceTree = "<group>"; };
		04B8A90B224219470004789E /* AVEditorViewController.m */ = {isa = PBXFileReference; lastKnownFileType = sourcecode.c.objc; path = AVEditorViewController.m; sourceTree = "<group>"; };
		04B8A90D22423B030004789E /* FrameCollectionViewCell.h */ = {isa = PBXFileReference; lastKnownFileType = sourcecode.c.h; path = FrameCollectionViewCell.h; sourceTree = "<group>"; };
		04B8A90E22423B030004789E /* FrameCollectionViewCell.m */ = {isa = PBXFileReference; lastKnownFileType = sourcecode.c.objc; path = FrameCollectionViewCell.m; sourceTree = "<group>"; };
		04B8A91022423B220004789E /* FrameCollectionView.h */ = {isa = PBXFileReference; lastKnownFileType = sourcecode.c.h; path = FrameCollectionView.h; sourceTree = "<group>"; };
		04B8A91122423B220004789E /* FrameCollectionView.m */ = {isa = PBXFileReference; lastKnownFileType = sourcecode.c.objc; path = FrameCollectionView.m; sourceTree = "<group>"; };
		04B8A91322423B910004789E /* Frame.h */ = {isa = PBXFileReference; lastKnownFileType = sourcecode.c.h; path = Frame.h; sourceTree = "<group>"; };
		04B8A91422423B910004789E /* Frame.m */ = {isa = PBXFileReference; lastKnownFileType = sourcecode.c.objc; path = Frame.m; sourceTree = "<group>"; };
		110FC0091D160F59E6C3717B /* Pods-iosCodeUI.debug.xcconfig */ = {isa = PBXFileReference; includeInIndex = 1; lastKnownFileType = text.xcconfig; name = "Pods-iosCodeUI.debug.xcconfig"; path = "Target Support Files/Pods-iosCodeUI/Pods-iosCodeUI.debug.xcconfig"; sourceTree = "<group>"; };
		27167FF1222780B9000CBD47 /* HomeViewController.h */ = {isa = PBXFileReference; lastKnownFileType = sourcecode.c.h; path = HomeViewController.h; sourceTree = "<group>"; };
		27167FF2222780B9000CBD47 /* HomeViewController.m */ = {isa = PBXFileReference; lastKnownFileType = sourcecode.c.objc; path = HomeViewController.m; sourceTree = "<group>"; };
		2723BEE6222933E200CC552B /* GcdDemoViewController.h */ = {isa = PBXFileReference; lastKnownFileType = sourcecode.c.h; path = GcdDemoViewController.h; sourceTree = "<group>"; };
		2723BEE7222933E200CC552B /* GcdDemoViewController.m */ = {isa = PBXFileReference; lastKnownFileType = sourcecode.c.objc; path = GcdDemoViewController.m; sourceTree = "<group>"; };
		27D0BD382216B99A00C7AD30 /* iosCodeUI.app */ = {isa = PBXFileReference; explicitFileType = wrapper.application; includeInIndex = 0; path = iosCodeUI.app; sourceTree = BUILT_PRODUCTS_DIR; };
		27D0BD3B2216B99B00C7AD30 /* AppDelegate.h */ = {isa = PBXFileReference; lastKnownFileType = sourcecode.c.h; path = AppDelegate.h; sourceTree = "<group>"; };
		27D0BD3C2216B99B00C7AD30 /* AppDelegate.m */ = {isa = PBXFileReference; lastKnownFileType = sourcecode.c.objc; path = AppDelegate.m; sourceTree = "<group>"; };
		27D0BD3E2216B99B00C7AD30 /* ViewController.h */ = {isa = PBXFileReference; lastKnownFileType = sourcecode.c.h; path = ViewController.h; sourceTree = "<group>"; };
		27D0BD3F2216B99B00C7AD30 /* ViewController.m */ = {isa = PBXFileReference; lastKnownFileType = sourcecode.c.objc; path = ViewController.m; sourceTree = "<group>"; };
		27D0BD442216B99E00C7AD30 /* Assets.xcassets */ = {isa = PBXFileReference; lastKnownFileType = folder.assetcatalog; path = Assets.xcassets; sourceTree = "<group>"; };
		27D0BD472216B99E00C7AD30 /* Base */ = {isa = PBXFileReference; lastKnownFileType = file.storyboard; name = Base; path = Base.lproj/LaunchScreen.storyboard; sourceTree = "<group>"; };
		27D0BD492216B99E00C7AD30 /* Info.plist */ = {isa = PBXFileReference; lastKnownFileType = text.plist.xml; path = Info.plist; sourceTree = "<group>"; };
		27D0BD4A2216B99E00C7AD30 /* main.m */ = {isa = PBXFileReference; lastKnownFileType = sourcecode.c.objc; path = main.m; sourceTree = "<group>"; };
		27D0BD54221A573000C7AD30 /* Person.h */ = {isa = PBXFileReference; lastKnownFileType = sourcecode.c.h; path = Person.h; sourceTree = "<group>"; };
		27D0BD55221A573000C7AD30 /* Person.m */ = {isa = PBXFileReference; lastKnownFileType = sourcecode.c.objc; path = Person.m; sourceTree = "<group>"; };
		27EE5C76221FBF2800BB1BAA /* GestureTableViewController.h */ = {isa = PBXFileReference; lastKnownFileType = sourcecode.c.h; path = GestureTableViewController.h; sourceTree = "<group>"; };
		27EE5C77221FBF2900BB1BAA /* GestureTableViewController.m */ = {isa = PBXFileReference; lastKnownFileType = sourcecode.c.objc; path = GestureTableViewController.m; sourceTree = "<group>"; };
		27EFD34D221BB1AD00D140AE /* SimpleTableViewController.h */ = {isa = PBXFileReference; lastKnownFileType = sourcecode.c.h; path = SimpleTableViewController.h; sourceTree = "<group>"; };
		27EFD34E221BB1AD00D140AE /* SimpleTableViewController.m */ = {isa = PBXFileReference; lastKnownFileType = sourcecode.c.objc; path = SimpleTableViewController.m; sourceTree = "<group>"; };
		27EFD350221BCC2100D140AE /* SimpleTableViewCell.h */ = {isa = PBXFileReference; lastKnownFileType = sourcecode.c.h; path = SimpleTableViewCell.h; sourceTree = "<group>"; };
		27EFD351221BCC2100D140AE /* SimpleTableViewCell.m */ = {isa = PBXFileReference; lastKnownFileType = sourcecode.c.objc; path = SimpleTableViewCell.m; sourceTree = "<group>"; };
		27F116BB221FCAD1003D27F6 /* LongPressGestureVC.h */ = {isa = PBXFileReference; lastKnownFileType = sourcecode.c.h; path = LongPressGestureVC.h; sourceTree = "<group>"; };
		27F116BC221FCAD1003D27F6 /* LongPressGestureVC.m */ = {isa = PBXFileReference; lastKnownFileType = sourcecode.c.objc; path = LongPressGestureVC.m; sourceTree = "<group>"; };
		27F36FE722263D86009AEACD /* CollectionViewController.h */ = {isa = PBXFileReference; lastKnownFileType = sourcecode.c.h; path = CollectionViewController.h; sourceTree = "<group>"; };
		27F36FE822263D86009AEACD /* CollectionViewController.m */ = {isa = PBXFileReference; lastKnownFileType = sourcecode.c.objc; path = CollectionViewController.m; sourceTree = "<group>"; };
		27F36FEA22264198009AEACD /* SimpleCollectionViewCell.h */ = {isa = PBXFileReference; lastKnownFileType = sourcecode.c.h; path = SimpleCollectionViewCell.h; sourceTree = "<group>"; };
		27F36FEB22264198009AEACD /* SimpleCollectionViewCell.m */ = {isa = PBXFileReference; lastKnownFileType = sourcecode.c.objc; path = SimpleCollectionViewCell.m; sourceTree = "<group>"; };
		27F36FED22264F62009AEACD /* Constant.h */ = {isa = PBXFileReference; lastKnownFileType = sourcecode.c.h; path = Constant.h; sourceTree = "<group>"; };
		27F36FEE22265025009AEACD /* PrefixHeader.pch */ = {isa = PBXFileReference; lastKnownFileType = sourcecode.c.h; path = PrefixHeader.pch; sourceTree = "<group>"; };
		27F36FEF222652C6009AEACD /* SimpleCollectionView.h */ = {isa = PBXFileReference; lastKnownFileType = sourcecode.c.h; path = SimpleCollectionView.h; sourceTree = "<group>"; };
		27F36FF0222652C6009AEACD /* SimpleCollectionView.m */ = {isa = PBXFileReference; lastKnownFileType = sourcecode.c.objc; path = SimpleCollectionView.m; sourceTree = "<group>"; };
		27F6190622252F340026BE03 /* SimpleTabBarController.h */ = {isa = PBXFileReference; lastKnownFileType = sourcecode.c.h; path = SimpleTabBarController.h; sourceTree = "<group>"; };
		27F6190722252F340026BE03 /* SimpleTabBarController.m */ = {isa = PBXFileReference; lastKnownFileType = sourcecode.c.objc; path = SimpleTabBarController.m; sourceTree = "<group>"; };
		27FE7B90222F630D002069FB /* ProcessViewController.h */ = {isa = PBXFileReference; lastKnownFileType = sourcecode.c.h; path = ProcessViewController.h; sourceTree = "<group>"; };
		27FE7B91222F630D002069FB /* ProcessViewController.m */ = {isa = PBXFileReference; lastKnownFileType = sourcecode.c.objc; path = ProcessViewController.m; sourceTree = "<group>"; };
		27FE7B93222F698D002069FB /* LineProcessView.h */ = {isa = PBXFileReference; lastKnownFileType = sourcecode.c.h; path = LineProcessView.h; sourceTree = "<group>"; };
		27FE7B94222F698D002069FB /* LineProcessView.m */ = {isa = PBXFileReference; lastKnownFileType = sourcecode.c.objc; path = LineProcessView.m; sourceTree = "<group>"; };
		74852E46782936B77ED159B2 /* libPods-iosCodeUI.a */ = {isa = PBXFileReference; explicitFileType = archive.ar; includeInIndex = 0; path = "libPods-iosCodeUI.a"; sourceTree = BUILT_PRODUCTS_DIR; };
		943B242123C8FB0D0C1011CA /* Pods-iosCodeUI.release.xcconfig */ = {isa = PBXFileReference; includeInIndex = 1; lastKnownFileType = text.xcconfig; name = "Pods-iosCodeUI.release.xcconfig"; path = "Target Support Files/Pods-iosCodeUI/Pods-iosCodeUI.release.xcconfig"; sourceTree = "<group>"; };
/* End PBXFileReference section */

/* Begin PBXFrameworksBuildPhase section */
		27D0BD352216B99A00C7AD30 /* Frameworks */ = {
			isa = PBXFrameworksBuildPhase;
			buildActionMask = 2147483647;
			files = (
				8F81B7E5E2C1CD0D75BFE5F9 /* libPods-iosCodeUI.a in Frameworks */,
			);
			runOnlyForDeploymentPostprocessing = 0;
		};
/* End PBXFrameworksBuildPhase section */

/* Begin PBXGroup section */
		046D0DAF2236703900FF7D44 /* multimedia */ = {
			isa = PBXGroup;
			children = (
				04B8A8FD2240892D0004789E /* av.foundation */,
				046D0DC32237BFC500FF7D44 /* photos.frameworks */,
			);
			path = multimedia;
			sourceTree = "<group>";
		};
		046D0DB92237841D00FF7D44 /* photos.frameworks */ = {
			isa = PBXGroup;
			children = (
				046D0DAC2236452200FF7D44 /* PhotosViewController.h */,
				046D0DAD2236452200FF7D44 /* PhotosViewController.m */,
				046D0DBA2237854900FF7D44 /* PhotosAssetViewController.h */,
				046D0DBB2237854900FF7D44 /* PhotosAssetViewController.m */,
				046D0DCE223A626F00FF7D44 /* LivePhotoViewController.h */,
				046D0DCF223A626F00FF7D44 /* LivePhotoViewController.m */,
			);
			path = photos.frameworks;
			sourceTree = "<group>";
		};
		046D0DC32237BFC500FF7D44 /* photos.frameworks */ = {
			isa = PBXGroup;
			children = (
				046D0DC02237BFAC00FF7D44 /* AssetCollectionView.h */,
				046D0DC12237BFAC00FF7D44 /* AssetCollectionView.m */,
				046D0DBD2237BE2A00FF7D44 /* AssetCollectionViewCell.h */,
				046D0DBE2237BE2A00FF7D44 /* AssetCollectionViewCell.m */,
				046D0DB0223670C600FF7D44 /* CollectionTableViewCell.h */,
				046D0DB1223670C600FF7D44 /* CollectionTableViewCell.m */,
			);
			path = photos.frameworks;
			sourceTree = "<group>";
		};
		046D0DC522389F1D00FF7D44 /* potos.frameworks */ = {
			isa = PBXGroup;
			children = (
				046D0DB32237439B00FF7D44 /* AssetCollection.h */,
				046D0DB42237439B00FF7D44 /* AssetCollection.m */,
				046D0DC622389F6D00FF7D44 /* Asset.h */,
				046D0DC722389F6D00FF7D44 /* Asset.m */,
			);
			path = potos.frameworks;
			sourceTree = "<group>";
		};
		046D0DC922390E0400FF7D44 /* utility */ = {
			isa = PBXGroup;
			children = (
				046D0DCA22390E5500FF7D44 /* PhotosFrameworksUtility.h */,
				046D0DCB22390E5500FF7D44 /* PhotosFrameworksUtility.m */,
				046D0DD1223B39C100FF7D44 /* Utility.h */,
				046D0DD2223B39C100FF7D44 /* Utility.m */,
			);
			path = utility;
			sourceTree = "<group>";
		};
		046D0DCD223A600F00FF7D44 /* image.picker */ = {
			isa = PBXGroup;
			children = (
				04217D772234C50F006202A4 /* VideoViewController.h */,
				04217D782234C50F006202A4 /* VideoViewController.m */,
			);
			path = image.picker;
			sourceTree = "<group>";
		};
		046D0DD4223B6EF400FF7D44 /* av.foundation */ = {
			isa = PBXGroup;
			children = (
				04810DB82293C99900C64CC1 /* VideoPlayerViewController.h */,
				04810DB92293C9B800C64CC1 /* VideoPlayerViewController.m */,
				046D0DD8223B88B000FF7D44 /* AVPlayerViewController.h */,
				046D0DD9223B88B000FF7D44 /* AVPlayerViewController.m */,
				04B8A90A224219470004789E /* AVEditorViewController.h */,
				04B8A90B224219470004789E /* AVEditorViewController.m */,
				040940092244D55900760381 /* AVCompositionViewController.h */,
				0409400A2244D55900760381 /* AVCompositionViewController.m */,
			);
			path = av.foundation;
			sourceTree = "<group>";
		};
		04810DAE2293C68C00C64CC1 /* home */ = {
			isa = PBXGroup;
			children = (
				04810DB12293C73B00C64CC1 /* view */,
				04810DB02293C6F000C64CC1 /* controller */,
				04810DAF2293C6D600C64CC1 /* modal */,
			);
			path = home;
			sourceTree = "<group>";
		};
		04810DAF2293C6D600C64CC1 /* modal */ = {
			isa = PBXGroup;
			children = (
				27D0BD54221A573000C7AD30 /* Person.h */,
				27D0BD55221A573000C7AD30 /* Person.m */,
			);
			path = modal;
			sourceTree = "<group>";
		};
		04810DB02293C6F000C64CC1 /* controller */ = {
			isa = PBXGroup;
			children = (
				27F0192C221FA91800632F6F /* gesture */,
				27167FF1222780B9000CBD47 /* HomeViewController.h */,
				27167FF2222780B9000CBD47 /* HomeViewController.m */,
				27F36FE722263D86009AEACD /* CollectionViewController.h */,
				27F36FE822263D86009AEACD /* CollectionViewController.m */,
				046E1C0D228A9DE0000839EF /* PreFetchViewController.h */,
				046E1C0E228A9DE0000839EF /* PreFetchViewController.m */,
				27EFD34D221BB1AD00D140AE /* SimpleTableViewController.h */,
				27EFD34E221BB1AD00D140AE /* SimpleTableViewController.m */,
				27EE5C76221FBF2800BB1BAA /* GestureTableViewController.h */,
				27EE5C77221FBF2900BB1BAA /* GestureTableViewController.m */,
				27D0BD3E2216B99B00C7AD30 /* ViewController.h */,
				27D0BD3F2216B99B00C7AD30 /* ViewController.m */,
				2723BEE6222933E200CC552B /* GcdDemoViewController.h */,
				2723BEE7222933E200CC552B /* GcdDemoViewController.m */,
				27FE7B90222F630D002069FB /* ProcessViewController.h */,
				27FE7B91222F630D002069FB /* ProcessViewController.m */,
				046D0DB62237560F00FF7D44 /* AlertViewController.h */,
				046D0DB72237560F00FF7D44 /* AlertViewController.m */,
			);
			path = controller;
			sourceTree = "<group>";
		};
		04810DB12293C73B00C64CC1 /* view */ = {
			isa = PBXGroup;
			children = (
				27F36FEF222652C6009AEACD /* SimpleCollectionView.h */,
				27F36FF0222652C6009AEACD /* SimpleCollectionView.m */,
				046E1C0A228A9C5F000839EF /* PrefetchCollectionView.h */,
				046E1C0B228A9C5F000839EF /* PrefetchCollectionView.m */,
				27F36FEA22264198009AEACD /* SimpleCollectionViewCell.h */,
				27F36FEB22264198009AEACD /* SimpleCollectionViewCell.m */,
				040940032243932400760381 /* HeaderCollectionReusableView.h */,
				040940042243932400760381 /* HeaderCollectionReusableView.m */,
				27EFD350221BCC2100D140AE /* SimpleTableViewCell.h */,
				27EFD351221BCC2100D140AE /* SimpleTableViewCell.m */,
				27FE7B93222F698D002069FB /* LineProcessView.h */,
				27FE7B94222F698D002069FB /* LineProcessView.m */,
			);
			path = view;
			sourceTree = "<group>";
		};
		04810DB22293C79700C64CC1 /* multimedia */ = {
			isa = PBXGroup;
			children = (
				046D0DC922390E0400FF7D44 /* utility */,
				04B8A9082240C1500004789E /* protocol */,
				04810DB52293C82400C64CC1 /* view */,
				04810DB42293C80400C64CC1 /* controller */,
				04810DB32293C7B500C64CC1 /* modal */,
			);
			path = multimedia;
			sourceTree = "<group>";
		};
		04810DB32293C7B500C64CC1 /* modal */ = {
			isa = PBXGroup;
			children = (
				04B8A90422408F4C0004789E /* av.foundation */,
				046D0DC522389F1D00FF7D44 /* potos.frameworks */,
			);
			path = modal;
			sourceTree = "<group>";
		};
		04810DB42293C80400C64CC1 /* controller */ = {
			isa = PBXGroup;
			children = (
				046D0DD4223B6EF400FF7D44 /* av.foundation */,
				046D0DCD223A600F00FF7D44 /* image.picker */,
				046D0DB92237841D00FF7D44 /* photos.frameworks */,
				046D0DA9223619CD00FF7D44 /* MediaHomeViewController.h */,
				046D0DAA223619CD00FF7D44 /* MediaHomeViewController.m */,
			);
			path = controller;
			sourceTree = "<group>";
		};
		04810DB52293C82400C64CC1 /* view */ = {
			isa = PBXGroup;
			children = (
				046D0DAF2236703900FF7D44 /* multimedia */,
			);
			path = view;
			sourceTree = "<group>";
		};
		04810DB62293C86900C64CC1 /* my */ = {
			isa = PBXGroup;
			children = (
				04810DB72293C87800C64CC1 /* controller */,
			);
			path = my;
			sourceTree = "<group>";
		};
		04810DB72293C87800C64CC1 /* controller */ = {
			isa = PBXGroup;
			children = (
				04217D702233E9F7006202A4 /* MyHomeViewController.h */,
				04217D712233E9F7006202A4 /* MyHomeViewController.m */,
			);
			path = controller;
			sourceTree = "<group>";
		};
		04B8A8FD2240892D0004789E /* av.foundation */ = {
			isa = PBXGroup;
			children = (
				04B8A8FE224089B20004789E /* VideoCollectionView.h */,
				04B8A8FF224089B20004789E /* VideoCollectionView.m */,
				04B8A901224089CC0004789E /* VideoCollectionViewCell.h */,
				04B8A902224089CC0004789E /* VideoCollectionViewCell.m */,
				04B8A91022423B220004789E /* FrameCollectionView.h */,
				04B8A91122423B220004789E /* FrameCollectionView.m */,
				04B8A90D22423B030004789E /* FrameCollectionViewCell.h */,
				04B8A90E22423B030004789E /* FrameCollectionViewCell.m */,
			);
			path = av.foundation;
			sourceTree = "<group>";
		};
		04B8A90422408F4C0004789E /* av.foundation */ = {
			isa = PBXGroup;
			children = (
				04B8A90522408F7E0004789E /* Video.h */,
				04B8A90622408F7E0004789E /* Video.m */,
				04B8A91322423B910004789E /* Frame.h */,
				04B8A91422423B910004789E /* Frame.m */,
			);
			path = av.foundation;
			sourceTree = "<group>";
		};
		04B8A9082240C1500004789E /* protocol */ = {
			isa = PBXGroup;
			children = (
				04B8A9092240C1D50004789E /* AVPlayerDelegate.h */,
			);
			path = protocol;
			sourceTree = "<group>";
		};
		27D0BD2F2216B99A00C7AD30 = {
			isa = PBXGroup;
			children = (
				27D0BD3A2216B99B00C7AD30 /* iosCodeUI */,
				27D0BD392216B99A00C7AD30 /* Products */,
				84BF59F4385B812DA693623A /* Pods */,
				6FF9046EF47FA3289A87A793 /* Frameworks */,
			);
			sourceTree = "<group>";
		};
		27D0BD392216B99A00C7AD30 /* Products */ = {
			isa = PBXGroup;
			children = (
				27D0BD382216B99A00C7AD30 /* iosCodeUI.app */,
			);
			name = Products;
			sourceTree = "<group>";
		};
		27D0BD3A2216B99B00C7AD30 /* iosCodeUI */ = {
			isa = PBXGroup;
			children = (
				04810DB62293C86900C64CC1 /* my */,
				04810DB22293C79700C64CC1 /* multimedia */,
				04810DAE2293C68C00C64CC1 /* home */,
				27EDB1DE221BDB7E008F5C94 /* root */,
				27D0BD3B2216B99B00C7AD30 /* AppDelegate.h */,
				27D0BD3C2216B99B00C7AD30 /* AppDelegate.m */,
				27F36FED22264F62009AEACD /* Constant.h */,
				27F36FEE22265025009AEACD /* PrefixHeader.pch */,
				27D0BD442216B99E00C7AD30 /* Assets.xcassets */,
				27D0BD462216B99E00C7AD30 /* LaunchScreen.storyboard */,
				27D0BD492216B99E00C7AD30 /* Info.plist */,
				27D0BD4A2216B99E00C7AD30 /* main.m */,
			);
			path = iosCodeUI;
			sourceTree = "<group>";
		};
		27EDB1DE221BDB7E008F5C94 /* root */ = {
			isa = PBXGroup;
			children = (
				27F6190622252F340026BE03 /* SimpleTabBarController.h */,
				27F6190722252F340026BE03 /* SimpleTabBarController.m */,
			);
			path = root;
			sourceTree = "<group>";
		};
		27F0192C221FA91800632F6F /* gesture */ = {
			isa = PBXGroup;
			children = (
				27F116BB221FCAD1003D27F6 /* LongPressGestureVC.h */,
				27F116BC221FCAD1003D27F6 /* LongPressGestureVC.m */,
			);
			path = gesture;
			sourceTree = "<group>";
		};
		6FF9046EF47FA3289A87A793 /* Frameworks */ = {
			isa = PBXGroup;
			children = (
				74852E46782936B77ED159B2 /* libPods-iosCodeUI.a */,
			);
			name = Frameworks;
			sourceTree = "<group>";
		};
		84BF59F4385B812DA693623A /* Pods */ = {
			isa = PBXGroup;
			children = (
				110FC0091D160F59E6C3717B /* Pods-iosCodeUI.debug.xcconfig */,
				943B242123C8FB0D0C1011CA /* Pods-iosCodeUI.release.xcconfig */,
			);
			path = Pods;
			sourceTree = "<group>";
		};
/* End PBXGroup section */

/* Begin PBXNativeTarget section */
		27D0BD372216B99A00C7AD30 /* iosCodeUI */ = {
			isa = PBXNativeTarget;
			buildConfigurationList = 27D0BD4E2216B99E00C7AD30 /* Build configuration list for PBXNativeTarget "iosCodeUI" */;
			buildPhases = (
				F3596133968F0121A073B0FB /* [CP] Check Pods Manifest.lock */,
				27D0BD342216B99A00C7AD30 /* Sources */,
				27D0BD352216B99A00C7AD30 /* Frameworks */,
				27D0BD362216B99A00C7AD30 /* Resources */,
			);
			buildRules = (
			);
			dependencies = (
			);
			name = iosCodeUI;
			productName = iosCodeUI;
			productReference = 27D0BD382216B99A00C7AD30 /* iosCodeUI.app */;
			productType = "com.apple.product-type.application";
		};
/* End PBXNativeTarget section */

/* Begin PBXProject section */
		27D0BD302216B99A00C7AD30 /* Project object */ = {
			isa = PBXProject;
			attributes = {
				LastUpgradeCheck = 1010;
				ORGANIZATIONNAME = "季舟";
				TargetAttributes = {
					27D0BD372216B99A00C7AD30 = {
						CreatedOnToolsVersion = 10.1;
					};
				};
			};
			buildConfigurationList = 27D0BD332216B99A00C7AD30 /* Build configuration list for PBXProject "iosCodeUI" */;
			compatibilityVersion = "Xcode 9.3";
			developmentRegion = en;
			hasScannedForEncodings = 0;
			knownRegions = (
				en,
				Base,
			);
			mainGroup = 27D0BD2F2216B99A00C7AD30;
			productRefGroup = 27D0BD392216B99A00C7AD30 /* Products */;
			projectDirPath = "";
			projectRoot = "";
			targets = (
				27D0BD372216B99A00C7AD30 /* iosCodeUI */,
			);
		};
/* End PBXProject section */

/* Begin PBXResourcesBuildPhase section */
		27D0BD362216B99A00C7AD30 /* Resources */ = {
			isa = PBXResourcesBuildPhase;
			buildActionMask = 2147483647;
			files = (
				27D0BD482216B99E00C7AD30 /* LaunchScreen.storyboard in Resources */,
				27D0BD452216B99E00C7AD30 /* Assets.xcassets in Resources */,
			);
			runOnlyForDeploymentPostprocessing = 0;
		};
/* End PBXResourcesBuildPhase section */

/* Begin PBXShellScriptBuildPhase section */
		F3596133968F0121A073B0FB /* [CP] Check Pods Manifest.lock */ = {
			isa = PBXShellScriptBuildPhase;
			buildActionMask = 2147483647;
			files = (
			);
			inputFileListPaths = (
			);
			inputPaths = (
				"${PODS_PODFILE_DIR_PATH}/Podfile.lock",
				"${PODS_ROOT}/Manifest.lock",
			);
			name = "[CP] Check Pods Manifest.lock";
			outputFileListPaths = (
			);
			outputPaths = (
				"$(DERIVED_FILE_DIR)/Pods-iosCodeUI-checkManifestLockResult.txt",
			);
			runOnlyForDeploymentPostprocessing = 0;
			shellPath = /bin/sh;
			shellScript = "diff \"${PODS_PODFILE_DIR_PATH}/Podfile.lock\" \"${PODS_ROOT}/Manifest.lock\" > /dev/null\nif [ $? != 0 ] ; then\n    # print error to STDERR\n    echo \"error: The sandbox is not in sync with the Podfile.lock. Run 'pod install' or update your CocoaPods installation.\" >&2\n    exit 1\nfi\n# This output is used by Xcode 'outputs' to avoid re-running this script phase.\necho \"SUCCESS\" > \"${SCRIPT_OUTPUT_FILE_0}\"\n";
			showEnvVarsInLog = 0;
		};
/* End PBXShellScriptBuildPhase section */

/* Begin PBXSourcesBuildPhase section */
		27D0BD342216B99A00C7AD30 /* Sources */ = {
			isa = PBXSourcesBuildPhase;
			buildActionMask = 2147483647;
			files = (
				046D0DBC2237854900FF7D44 /* PhotosAssetViewController.m in Sources */,
				046D0DC22237BFAC00FF7D44 /* AssetCollectionView.m in Sources */,
				046D0DBF2237BE2A00FF7D44 /* AssetCollectionViewCell.m in Sources */,
				046D0DB52237439B00FF7D44 /* AssetCollection.m in Sources */,
				27D0BD402216B99B00C7AD30 /* ViewController.m in Sources */,
				27EFD352221BCC2100D140AE /* SimpleTableViewCell.m in Sources */,
				27FE7B95222F698D002069FB /* LineProcessView.m in Sources */,
				04217D792234C50F006202A4 /* VideoViewController.m in Sources */,
				27F36FF1222652C6009AEACD /* SimpleCollectionView.m in Sources */,
				27D0BD4B2216B99E00C7AD30 /* main.m in Sources */,
				27167FF3222780B9000CBD47 /* HomeViewController.m in Sources */,
				046D0DD0223A626F00FF7D44 /* LivePhotoViewController.m in Sources */,
				04B8A90C224219470004789E /* AVEditorViewController.m in Sources */,
				046E1C0C228A9C5F000839EF /* PrefetchCollectionView.m in Sources */,
				04B8A900224089B20004789E /* VideoCollectionView.m in Sources */,
				04B8A90722408F7E0004789E /* Video.m in Sources */,
				046D0DD3223B39C100FF7D44 /* Utility.m in Sources */,
				046D0DB2223670C600FF7D44 /* CollectionTableViewCell.m in Sources */,
				27D0BD56221A573000C7AD30 /* Person.m in Sources */,
				046D0DAB223619CD00FF7D44 /* MediaHomeViewController.m in Sources */,
				04810DBA2293C9B800C64CC1 /* VideoPlayerViewController.m in Sources */,
				27F116BD221FCAD1003D27F6 /* LongPressGestureVC.m in Sources */,
				040940052243932400760381 /* HeaderCollectionReusableView.m in Sources */,
				04B8A903224089CC0004789E /* VideoCollectionViewCell.m in Sources */,
				04B8A91522423B910004789E /* Frame.m in Sources */,
				046D0DAE2236452200FF7D44 /* PhotosViewController.m in Sources */,
				046E1C0F228A9DE0000839EF /* PreFetchViewController.m in Sources */,
				27EE5C78221FBF2900BB1BAA /* GestureTableViewController.m in Sources */,
				27D0BD3D2216B99B00C7AD30 /* AppDelegate.m in Sources */,
				27F36FE922263D86009AEACD /* CollectionViewController.m in Sources */,
				04B8A90F22423B030004789E /* FrameCollectionViewCell.m in Sources */,
				046D0DDA223B88B000FF7D44 /* AVPlayerViewController.m in Sources */,
				27EFD34F221BB1AD00D140AE /* SimpleTableViewController.m in Sources */,
				2723BEE8222933E200CC552B /* GcdDemoViewController.m in Sources */,
				046D0DC822389F6D00FF7D44 /* Asset.m in Sources */,
				27FE7B92222F630D002069FB /* ProcessViewController.m in Sources */,
				0409400B2244D55900760381 /* AVCompositionViewController.m in Sources */,
				04217D722233E9F7006202A4 /* MyHomeViewController.m in Sources */,
				27F36FEC22264198009AEACD /* SimpleCollectionViewCell.m in Sources */,
				046D0DCC22390E5500FF7D44 /* PhotosFrameworksUtility.m in Sources */,
				27F6190822252F340026BE03 /* SimpleTabBarController.m in Sources */,
				04B8A91222423B220004789E /* FrameCollectionView.m in Sources */,
				046D0DB82237560F00FF7D44 /* AlertViewController.m in Sources */,
			);
			runOnlyForDeploymentPostprocessing = 0;
		};
/* End PBXSourcesBuildPhase section */

/* Begin PBXVariantGroup section */
		27D0BD462216B99E00C7AD30 /* LaunchScreen.storyboard */ = {
			isa = PBXVariantGroup;
			children = (
				27D0BD472216B99E00C7AD30 /* Base */,
			);
			name = LaunchScreen.storyboard;
			sourceTree = "<group>";
		};
/* End PBXVariantGroup section */

/* Begin XCBuildConfiguration section */
		27D0BD4C2216B99E00C7AD30 /* Debug */ = {
			isa = XCBuildConfiguration;
			buildSettings = {
				ALWAYS_SEARCH_USER_PATHS = NO;
				CLANG_ANALYZER_NONNULL = YES;
				CLANG_ANALYZER_NUMBER_OBJECT_CONVERSION = YES_AGGRESSIVE;
				CLANG_CXX_LANGUAGE_STANDARD = "gnu++14";
				CLANG_CXX_LIBRARY = "libc++";
				CLANG_ENABLE_MODULES = YES;
				CLANG_ENABLE_OBJC_ARC = YES;
				CLANG_ENABLE_OBJC_WEAK = YES;
				CLANG_WARN_BLOCK_CAPTURE_AUTORELEASING = YES;
				CLANG_WARN_BOOL_CONVERSION = YES;
				CLANG_WARN_COMMA = YES;
				CLANG_WARN_CONSTANT_CONVERSION = YES;
				CLANG_WARN_DEPRECATED_OBJC_IMPLEMENTATIONS = YES;
				CLANG_WARN_DIRECT_OBJC_ISA_USAGE = YES_ERROR;
				CLANG_WARN_DOCUMENTATION_COMMENTS = YES;
				CLANG_WARN_EMPTY_BODY = YES;
				CLANG_WARN_ENUM_CONVERSION = YES;
				CLANG_WARN_INFINITE_RECURSION = YES;
				CLANG_WARN_INT_CONVERSION = YES;
				CLANG_WARN_NON_LITERAL_NULL_CONVERSION = YES;
				CLANG_WARN_OBJC_IMPLICIT_RETAIN_SELF = YES;
				CLANG_WARN_OBJC_LITERAL_CONVERSION = YES;
				CLANG_WARN_OBJC_ROOT_CLASS = YES_ERROR;
				CLANG_WARN_RANGE_LOOP_ANALYSIS = YES;
				CLANG_WARN_STRICT_PROTOTYPES = YES;
				CLANG_WARN_SUSPICIOUS_MOVE = YES;
				CLANG_WARN_UNGUARDED_AVAILABILITY = YES_AGGRESSIVE;
				CLANG_WARN_UNREACHABLE_CODE = YES;
				CLANG_WARN__DUPLICATE_METHOD_MATCH = YES;
				CODE_SIGN_IDENTITY = "iPhone Developer";
				COPY_PHASE_STRIP = NO;
				DEBUG_INFORMATION_FORMAT = dwarf;
				ENABLE_STRICT_OBJC_MSGSEND = YES;
				ENABLE_TESTABILITY = YES;
				GCC_C_LANGUAGE_STANDARD = gnu11;
				GCC_DYNAMIC_NO_PIC = NO;
				GCC_NO_COMMON_BLOCKS = YES;
				GCC_OPTIMIZATION_LEVEL = 0;
				GCC_PREPROCESSOR_DEFINITIONS = (
					"DEBUG=1",
					"$(inherited)",
				);
				GCC_WARN_64_TO_32_BIT_CONVERSION = YES;
				GCC_WARN_ABOUT_RETURN_TYPE = YES_ERROR;
				GCC_WARN_UNDECLARED_SELECTOR = YES;
				GCC_WARN_UNINITIALIZED_AUTOS = YES_AGGRESSIVE;
				GCC_WARN_UNUSED_FUNCTION = YES;
				GCC_WARN_UNUSED_VARIABLE = YES;
				IPHONEOS_DEPLOYMENT_TARGET = 12.1;
				MTL_ENABLE_DEBUG_INFO = INCLUDE_SOURCE;
				MTL_FAST_MATH = YES;
				ONLY_ACTIVE_ARCH = YES;
				SDKROOT = iphoneos;
			};
			name = Debug;
		};
		27D0BD4D2216B99E00C7AD30 /* Release */ = {
			isa = XCBuildConfiguration;
			buildSettings = {
				ALWAYS_SEARCH_USER_PATHS = NO;
				CLANG_ANALYZER_NONNULL = YES;
				CLANG_ANALYZER_NUMBER_OBJECT_CONVERSION = YES_AGGRESSIVE;
				CLANG_CXX_LANGUAGE_STANDARD = "gnu++14";
				CLANG_CXX_LIBRARY = "libc++";
				CLANG_ENABLE_MODULES = YES;
				CLANG_ENABLE_OBJC_ARC = YES;
				CLANG_ENABLE_OBJC_WEAK = YES;
				CLANG_WARN_BLOCK_CAPTURE_AUTORELEASING = YES;
				CLANG_WARN_BOOL_CONVERSION = YES;
				CLANG_WARN_COMMA = YES;
				CLANG_WARN_CONSTANT_CONVERSION = YES;
				CLANG_WARN_DEPRECATED_OBJC_IMPLEMENTATIONS = YES;
				CLANG_WARN_DIRECT_OBJC_ISA_USAGE = YES_ERROR;
				CLANG_WARN_DOCUMENTATION_COMMENTS = YES;
				CLANG_WARN_EMPTY_BODY = YES;
				CLANG_WARN_ENUM_CONVERSION = YES;
				CLANG_WARN_INFINITE_RECURSION = YES;
				CLANG_WARN_INT_CONVERSION = YES;
				CLANG_WARN_NON_LITERAL_NULL_CONVERSION = YES;
				CLANG_WARN_OBJC_IMPLICIT_RETAIN_SELF = YES;
				CLANG_WARN_OBJC_LITERAL_CONVERSION = YES;
				CLANG_WARN_OBJC_ROOT_CLASS = YES_ERROR;
				CLANG_WARN_RANGE_LOOP_ANALYSIS = YES;
				CLANG_WARN_STRICT_PROTOTYPES = YES;
				CLANG_WARN_SUSPICIOUS_MOVE = YES;
				CLANG_WARN_UNGUARDED_AVAILABILITY = YES_AGGRESSIVE;
				CLANG_WARN_UNREACHABLE_CODE = YES;
				CLANG_WARN__DUPLICATE_METHOD_MATCH = YES;
				CODE_SIGN_IDENTITY = "iPhone Developer";
				COPY_PHASE_STRIP = NO;
				DEBUG_INFORMATION_FORMAT = "dwarf-with-dsym";
				ENABLE_NS_ASSERTIONS = NO;
				ENABLE_STRICT_OBJC_MSGSEND = YES;
				GCC_C_LANGUAGE_STANDARD = gnu11;
				GCC_NO_COMMON_BLOCKS = YES;
				GCC_WARN_64_TO_32_BIT_CONVERSION = YES;
				GCC_WARN_ABOUT_RETURN_TYPE = YES_ERROR;
				GCC_WARN_UNDECLARED_SELECTOR = YES;
				GCC_WARN_UNINITIALIZED_AUTOS = YES_AGGRESSIVE;
				GCC_WARN_UNUSED_FUNCTION = YES;
				GCC_WARN_UNUSED_VARIABLE = YES;
				IPHONEOS_DEPLOYMENT_TARGET = 12.1;
				MTL_ENABLE_DEBUG_INFO = NO;
				MTL_FAST_MATH = YES;
				SDKROOT = iphoneos;
				VALIDATE_PRODUCT = YES;
			};
			name = Release;
		};
		27D0BD4F2216B99E00C7AD30 /* Debug */ = {
			isa = XCBuildConfiguration;
			baseConfigurationReference = 110FC0091D160F59E6C3717B /* Pods-iosCodeUI.debug.xcconfig */;
			buildSettings = {
				ASSETCATALOG_COMPILER_APPICON_NAME = AppIcon;
				CLANG_WARN_OBJC_IMPLICIT_RETAIN_SELF = NO;
				CODE_SIGN_STYLE = Automatic;
				DEVELOPMENT_TEAM = Y5JAPXR9CH;
				GCC_PRECOMPILE_PREFIX_HEADER = YES;
				GCC_PREFIX_HEADER = iosCodeUI/PrefixHeader.pch;
				INFOPLIST_FILE = iosCodeUI/Info.plist;
				LD_RUNPATH_SEARCH_PATHS = (
					"$(inherited)",
					"@executable_path/Frameworks",
				);
				PRODUCT_BUNDLE_IDENTIFIER = com.github.davidji80.iosCodeUI;
				PRODUCT_NAME = "$(TARGET_NAME)";
				TARGETED_DEVICE_FAMILY = "1,2";
			};
			name = Debug;
		};
		27D0BD502216B99E00C7AD30 /* Release */ = {
			isa = XCBuildConfiguration;
			baseConfigurationReference = 943B242123C8FB0D0C1011CA /* Pods-iosCodeUI.release.xcconfig */;
			buildSettings = {
				ASSETCATALOG_COMPILER_APPICON_NAME = AppIcon;
				CLANG_WARN_OBJC_IMPLICIT_RETAIN_SELF = NO;
				CODE_SIGN_STYLE = Automatic;
				DEVELOPMENT_TEAM = Y5JAPXR9CH;
				GCC_PRECOMPILE_PREFIX_HEADER = YES;
				GCC_PREFIX_HEADER = iosCodeUI/PrefixHeader.pch;
				INFOPLIST_FILE = iosCodeUI/Info.plist;
				LD_RUNPATH_SEARCH_PATHS = (
					"$(inherited)",
					"@executable_path/Frameworks",
				);
				PRODUCT_BUNDLE_IDENTIFIER = com.github.davidji80.iosCodeUI;
				PRODUCT_NAME = "$(TARGET_NAME)";
				TARGETED_DEVICE_FAMILY = "1,2";
			};
			name = Release;
		};
/* End XCBuildConfiguration section */

/* Begin XCConfigurationList section */
		27D0BD332216B99A00C7AD30 /* Build configuration list for PBXProject "iosCodeUI" */ = {
			isa = XCConfigurationList;
			buildConfigurations = (
				27D0BD4C2216B99E00C7AD30 /* Debug */,
				27D0BD4D2216B99E00C7AD30 /* Release */,
			);
			defaultConfigurationIsVisible = 0;
			defaultConfigurationName = Release;
		};
		27D0BD4E2216B99E00C7AD30 /* Build configuration list for PBXNativeTarget "iosCodeUI" */ = {
			isa = XCConfigurationList;
			buildConfigurations = (
				27D0BD4F2216B99E00C7AD30 /* Debug */,
				27D0BD502216B99E00C7AD30 /* Release */,
			);
			defaultConfigurationIsVisible = 0;
			defaultConfigurationName = Release;
		};
/* End XCConfigurationList section */
	};
	rootObject = 27D0BD302216B99A00C7AD30 /* Project object */;
}
